
Microsoft Visual Studio Solution File, Format Version 12.00
# Visual Studio Version 16
VisualStudioVersion = 16.0.30011.22
MinimumVisualStudioVersion = 10.0.40219.1
Project("{FAE04EC0-301F-11D3-BF4B-00C04F79EFBC}") = "Bath", "Bath\Bath.csproj", "{D410B27E-319D-42E5-97E5-F9B1883AEF05}"
EndProject
Project("{FAE04EC0-301F-11D3-BF4B-00C04F79EFBC}") = "BathConsoleApp", "BathConsoleApp\BathConsoleApp.csproj", "{35D651AF-F1C9-4DE2-ABBB-E8883BF6CB30}"
EndProject
Global
	GlobalSection(SolutionConfigurationPlatforms) = preSolution
		Debug|Any CPU = Debug|Any CPU
		Release|Any CPU = Release|Any CPU
	EndGlobalSection
	GlobalSection(ProjectConfigurationPlatforms) = postSolution
		{D410B27E-319D-42E5-97E5-F9B1883AEF05}.Debug|Any CPU.ActiveCfg = Debug|Any CPU
		{D410B27E-319D-42E5-97E5-F9B1883AEF05}.Debug|Any CPU.Build.0 = Debug|Any CPU
		{D410B27E-319D-42E5-97E5-F9B1883AEF05}.Release|Any CPU.ActiveCfg = Release|Any CPU
		{D410B27E-319D-42E5-97E5-F9B1883AEF05}.Release|Any CPU.Build.0 = Release|Any CPU
		{35D651AF-F1C9-4DE2-ABBB-E8883BF6CB30}.Debug|Any CPU.ActiveCfg = Debug|Any CPU
		{35D651AF-F1C9-4DE2-ABBB-E8883BF6CB30}.Debug|Any CPU.Build.0 = Debug|Any CPU
		{35D651AF-F1C9-4DE2-ABBB-E8883BF6CB30}.Release|Any CPU.ActiveCfg = Release|Any CPU
		{35D651AF-F1C9-4DE2-ABBB-E8883BF6CB30}.Release|Any CPU.Build.0 = Release|Any CPU
	EndGlobalSection
	GlobalSection(SolutionProperties) = preSolution
		HideSolutionNode = FALSE
	EndGlobalSection
	GlobalSection(ExtensibilityGlobals) = postSolution
		SolutionGuid = {658F331C-F205-456C-AE2D-D937DFB88C35}
	EndGlobalSection
EndGlobal
